
Microsoft Visual Studio Solution File, Format Version 12.00
# Visual Studio 15
VisualStudioVersion = 15.0.28307.271
MinimumVisualStudioVersion = 10.0.40219.1
Project("{888888A0-9F3D-457C-B088-3A5042F75D52}") = "Test-Demo", "Test-Demo\Test-Demo.pyproj", "{EC07F5F9-1591-486E-BE43-C09B89251FF2}"
EndProject
Global
	GlobalSection(SolutionConfigurationPlatforms) = preSolution
		Debug|Any CPU = Debug|Any CPU
		Release|Any CPU = Release|Any CPU
	EndGlobalSection
	GlobalSection(ProjectConfigurationPlatforms) = postSolution
		{EC07F5F9-1591-486E-BE43-C09B89251FF2}.Debug|Any CPU.ActiveCfg = Debug|Any CPU
		{EC07F5F9-1591-486E-BE43-C09B89251FF2}.Release|Any CPU.ActiveCfg = Release|Any CPU
	EndGlobalSection
	GlobalSection(SolutionProperties) = preSolution
		HideSolutionNode = FALSE
	EndGlobalSection
	GlobalSection(ExtensibilityGlobals) = postSolution
		SolutionGuid = {28184EFB-73C4-4E14-98B7-E22789BD5B16}
	EndGlobalSection
EndGlobal
